
Microsoft Visual Studio Solution File, Format Version 12.00
# Visual Studio Version 17
VisualStudioVersion = 17.14.36121.58 d17.14
MinimumVisualStudioVersion = 10.0.40219.1
Project("{FAE04EC0-301F-11D3-BF4B-00C04F79EFBC}") = "StudentManager", "StudentManager\StudentManager.csproj", "{029179C7-8A0D-4811-8D09-53FE5EE4A45F}"
EndProject
Project("{FAE04EC0-301F-11D3-BF4B-00C04F79EFBC}") = "Student.DataAccess", "Student.DataAccess\Student.DataAccess.csproj", "{6DEC9567-DEEF-4008-A140-4442F56D66A7}"
EndProject
Project("{FAE04EC0-301F-11D3-BF4B-00C04F79EFBC}") = "Student.Service", "Student.Service\Student.Service.csproj", "{0B289ED9-0B06-481D-8B8A-DD201F0D5AF6}"
EndProject
Global
	GlobalSection(SolutionConfigurationPlatforms) = preSolution
		Debug|Any CPU = Debug|Any CPU
		Release|Any CPU = Release|Any CPU
	EndGlobalSection
	GlobalSection(ProjectConfigurationPlatforms) = postSolution
		{029179C7-8A0D-4811-8D09-53FE5EE4A45F}.Debug|Any CPU.ActiveCfg = Debug|Any CPU
		{029179C7-8A0D-4811-8D09-53FE5EE4A45F}.Debug|Any CPU.Build.0 = Debug|Any CPU
		{029179C7-8A0D-4811-8D09-53FE5EE4A45F}.Release|Any CPU.ActiveCfg = Release|Any CPU
		{029179C7-8A0D-4811-8D09-53FE5EE4A45F}.Release|Any CPU.Build.0 = Release|Any CPU
		{6DEC9567-DEEF-4008-A140-4442F56D66A7}.Debug|Any CPU.ActiveCfg = Debug|Any CPU
		{6DEC9567-DEEF-4008-A140-4442F56D66A7}.Debug|Any CPU.Build.0 = Debug|Any CPU
		{6DEC9567-DEEF-4008-A140-4442F56D66A7}.Release|Any CPU.ActiveCfg = Release|Any CPU
		{6DEC9567-DEEF-4008-A140-4442F56D66A7}.Release|Any CPU.Build.0 = Release|Any CPU
		{0B289ED9-0B06-481D-8B8A-DD201F0D5AF6}.Debug|Any CPU.ActiveCfg = Debug|Any CPU
		{0B289ED9-0B06-481D-8B8A-DD201F0D5AF6}.Debug|Any CPU.Build.0 = Debug|Any CPU
		{0B289ED9-0B06-481D-8B8A-DD201F0D5AF6}.Release|Any CPU.ActiveCfg = Release|Any CPU
		{0B289ED9-0B06-481D-8B8A-DD201F0D5AF6}.Release|Any CPU.Build.0 = Release|Any CPU
	EndGlobalSection
	GlobalSection(SolutionProperties) = preSolution
		HideSolutionNode = FALSE
	EndGlobalSection
	GlobalSection(ExtensibilityGlobals) = postSolution
		SolutionGuid = {10CB8C3A-64EF-4B94-98D1-600BBC5E82E1}
	EndGlobalSection
EndGlobal
